
Microsoft Visual Studio Solution File, Format Version 12.00
# Visual Studio Version 16
VisualStudioVersion = 16.0.31410.357
MinimumVisualStudioVersion = 10.0.40219.1
Project("{FAE04EC0-301F-11D3-BF4B-00C04F79EFBC}") = "MatrixFontKezelo", "MatrixFontKezelo\MatrixFontKezelo.csproj", "{287D661E-C87F-4B1A-8689-6CCA593E4136}"
EndProject
Global
	GlobalSection(SolutionConfigurationPlatforms) = preSolution
		Debug|Any CPU = Debug|Any CPU
		Release|Any CPU = Release|Any CPU
	EndGlobalSection
	GlobalSection(ProjectConfigurationPlatforms) = postSolution
		{287D661E-C87F-4B1A-8689-6CCA593E4136}.Debug|Any CPU.ActiveCfg = Debug|Any CPU
		{287D661E-C87F-4B1A-8689-6CCA593E4136}.Debug|Any CPU.Build.0 = Debug|Any CPU
		{287D661E-C87F-4B1A-8689-6CCA593E4136}.Release|Any CPU.ActiveCfg = Release|Any CPU
		{287D661E-C87F-4B1A-8689-6CCA593E4136}.Release|Any CPU.Build.0 = Release|Any CPU
	EndGlobalSection
	GlobalSection(SolutionProperties) = preSolution
		HideSolutionNode = FALSE
	EndGlobalSection
	GlobalSection(ExtensibilityGlobals) = postSolution
		SolutionGuid = {52B6AADC-27EC-4D56-BF94-A81FFF8A5E5A}
	EndGlobalSection
EndGlobal
